<?xml version="1.0" encoding="utf-8"?>
<Project ToolsVersion="16.0" xmlns="http://schemas.microsoft.com/developer/msbuild/2003">
  <ItemGroup>
    <ClCompile Include="X:\checkouts\SPIRV-Cross\spirv_reflect.cpp">
      <Filter>Source Files</Filter>
    </ClCompile>
  </ItemGroup>
  <ItemGroup>
    <ClInclude Include="X:\checkouts\SPIRV-Cross\spirv_reflect.hpp">
      <Filter>Header Files</Filter>
    </ClInclude>
  </ItemGroup>
  <ItemGroup>
    <CustomBuild Include="X:\checkouts\SPIRV-Cross\CMakeLists.txt" />
  </ItemGroup>
  <ItemGroup>
    <Filter Include="Header Files">
      <UniqueIdentifier>{B1A3F4F1-3519-3253-AF2E-4A3D0B62D93D}</UniqueIdentifier>
    </Filter>
    <Filter Include="Source Files">
      <UniqueIdentifier>{57ABEB45-8509-385C-A3DA-5E118857ED3F}</UniqueIdentifier>
    </Filter>
  </ItemGroup>
</Project>
