
Microsoft Visual Studio Solution File, Format Version 12.00
# Visual Studio Version 16
VisualStudioVersion = 16.0.31424.327
MinimumVisualStudioVersion = 10.0.40219.1
Project("{8BC9CEB8-8B4A-11D0-8D11-00A0C91BC942}") = "ALL_BUILD", "ALL_BUILD.vcxproj", "{5FAFF73B-E3BE-30E0-BCC3-D5B1C9E0A36D}"
	ProjectSection(ProjectDependencies) = postProject
		{2B685A85-614F-3B8A-90A6-198C6F9EDA76} = {2B685A85-614F-3B8A-90A6-198C6F9EDA76}
		{A50F2AB9-BFF4-3D91-BBFC-17221A96887E} = {A50F2AB9-BFF4-3D91-BBFC-17221A96887E}
		{834A0E3D-7DBC-3C43-A56A-6FDD3A2B43C5} = {834A0E3D-7DBC-3C43-A56A-6FDD3A2B43C5}
		{0BE91614-BF74-3981-A88F-A5E86C56CF77} = {0BE91614-BF74-3981-A88F-A5E86C56CF77}
		{1419E44A-9FB1-3A1F-B2DC-258ED6957502} = {1419E44A-9FB1-3A1F-B2DC-258ED6957502}
		{957422B6-DF8C-377D-9151-05510391000A} = {957422B6-DF8C-377D-9151-05510391000A}
		{6BB75D5D-4C39-3C30-A9FF-7DB2CDD5D606} = {6BB75D5D-4C39-3C30-A9FF-7DB2CDD5D606}
		{DD6A3E02-3BBA-32F6-9AD6-FA68FCD9CFF8} = {DD6A3E02-3BBA-32F6-9AD6-FA68FCD9CFF8}
		{619AC11D-7FB4-32CC-A89A-B1ACBBBF1395} = {619AC11D-7FB4-32CC-A89A-B1ACBBBF1395}
		{B62C3409-7B62-3AB5-8075-422F856E9D92} = {B62C3409-7B62-3AB5-8075-422F856E9D92}
	EndProjectSection
EndProject
Project("{8BC9CEB8-8B4A-11D0-8D11-00A0C91BC942}") = "INSTALL", "INSTALL.vcxproj", "{1BD99D66-CCAF-3861-8EB4-B34E49330B51}"
	ProjectSection(ProjectDependencies) = postProject
		{5FAFF73B-E3BE-30E0-BCC3-D5B1C9E0A36D} = {5FAFF73B-E3BE-30E0-BCC3-D5B1C9E0A36D}
		{2B685A85-614F-3B8A-90A6-198C6F9EDA76} = {2B685A85-614F-3B8A-90A6-198C6F9EDA76}
	EndProjectSection
EndProject
Project("{8BC9CEB8-8B4A-11D0-8D11-00A0C91BC942}") = "RUN_TESTS", "RUN_TESTS.vcxproj", "{6058B1EE-68D5-382A-A431-3A438D10859E}"
	ProjectSection(ProjectDependencies) = postProject
		{2B685A85-614F-3B8A-90A6-198C6F9EDA76} = {2B685A85-614F-3B8A-90A6-198C6F9EDA76}
	EndProjectSection
EndProject
Project("{8BC9CEB8-8B4A-11D0-8D11-00A0C91BC942}") = "ZERO_CHECK", "ZERO_CHECK.vcxproj", "{2B685A85-614F-3B8A-90A6-198C6F9EDA76}"
EndProject
Project("{8BC9CEB8-8B4A-11D0-8D11-00A0C91BC942}") = "spirv-cross", "spirv-cross.vcxproj", "{A50F2AB9-BFF4-3D91-BBFC-17221A96887E}"
	ProjectSection(ProjectDependencies) = postProject
		{2B685A85-614F-3B8A-90A6-198C6F9EDA76} = {2B685A85-614F-3B8A-90A6-198C6F9EDA76}
		{0BE91614-BF74-3981-A88F-A5E86C56CF77} = {0BE91614-BF74-3981-A88F-A5E86C56CF77}
		{1419E44A-9FB1-3A1F-B2DC-258ED6957502} = {1419E44A-9FB1-3A1F-B2DC-258ED6957502}
		{957422B6-DF8C-377D-9151-05510391000A} = {957422B6-DF8C-377D-9151-05510391000A}
		{6BB75D5D-4C39-3C30-A9FF-7DB2CDD5D606} = {6BB75D5D-4C39-3C30-A9FF-7DB2CDD5D606}
		{DD6A3E02-3BBA-32F6-9AD6-FA68FCD9CFF8} = {DD6A3E02-3BBA-32F6-9AD6-FA68FCD9CFF8}
		{619AC11D-7FB4-32CC-A89A-B1ACBBBF1395} = {619AC11D-7FB4-32CC-A89A-B1ACBBBF1395}
		{B62C3409-7B62-3AB5-8075-422F856E9D92} = {B62C3409-7B62-3AB5-8075-422F856E9D92}
	EndProjectSection
EndProject
Project("{8BC9CEB8-8B4A-11D0-8D11-00A0C91BC942}") = "spirv-cross-c", "spirv-cross-c.vcxproj", "{834A0E3D-7DBC-3C43-A56A-6FDD3A2B43C5}"
	ProjectSection(ProjectDependencies) = postProject
		{2B685A85-614F-3B8A-90A6-198C6F9EDA76} = {2B685A85-614F-3B8A-90A6-198C6F9EDA76}
		{0BE91614-BF74-3981-A88F-A5E86C56CF77} = {0BE91614-BF74-3981-A88F-A5E86C56CF77}
		{1419E44A-9FB1-3A1F-B2DC-258ED6957502} = {1419E44A-9FB1-3A1F-B2DC-258ED6957502}
		{957422B6-DF8C-377D-9151-05510391000A} = {957422B6-DF8C-377D-9151-05510391000A}
		{6BB75D5D-4C39-3C30-A9FF-7DB2CDD5D606} = {6BB75D5D-4C39-3C30-A9FF-7DB2CDD5D606}
		{DD6A3E02-3BBA-32F6-9AD6-FA68FCD9CFF8} = {DD6A3E02-3BBA-32F6-9AD6-FA68FCD9CFF8}
		{619AC11D-7FB4-32CC-A89A-B1ACBBBF1395} = {619AC11D-7FB4-32CC-A89A-B1ACBBBF1395}
	EndProjectSection
EndProject
Project("{8BC9CEB8-8B4A-11D0-8D11-00A0C91BC942}") = "spirv-cross-core", "spirv-cross-core.vcxproj", "{0BE91614-BF74-3981-A88F-A5E86C56CF77}"
	ProjectSection(ProjectDependencies) = postProject
		{2B685A85-614F-3B8A-90A6-198C6F9EDA76} = {2B685A85-614F-3B8A-90A6-198C6F9EDA76}
	EndProjectSection
EndProject
Project("{8BC9CEB8-8B4A-11D0-8D11-00A0C91BC942}") = "spirv-cross-cpp", "spirv-cross-cpp.vcxproj", "{1419E44A-9FB1-3A1F-B2DC-258ED6957502}"
	ProjectSection(ProjectDependencies) = postProject
		{2B685A85-614F-3B8A-90A6-198C6F9EDA76} = {2B685A85-614F-3B8A-90A6-198C6F9EDA76}
		{0BE91614-BF74-3981-A88F-A5E86C56CF77} = {0BE91614-BF74-3981-A88F-A5E86C56CF77}
		{957422B6-DF8C-377D-9151-05510391000A} = {957422B6-DF8C-377D-9151-05510391000A}
	EndProjectSection
EndProject
Project("{8BC9CEB8-8B4A-11D0-8D11-00A0C91BC942}") = "spirv-cross-glsl", "spirv-cross-glsl.vcxproj", "{957422B6-DF8C-377D-9151-05510391000A}"
	ProjectSection(ProjectDependencies) = postProject
		{2B685A85-614F-3B8A-90A6-198C6F9EDA76} = {2B685A85-614F-3B8A-90A6-198C6F9EDA76}
		{0BE91614-BF74-3981-A88F-A5E86C56CF77} = {0BE91614-BF74-3981-A88F-A5E86C56CF77}
	EndProjectSection
EndProject
Project("{8BC9CEB8-8B4A-11D0-8D11-00A0C91BC942}") = "spirv-cross-hlsl", "spirv-cross-hlsl.vcxproj", "{6BB75D5D-4C39-3C30-A9FF-7DB2CDD5D606}"
	ProjectSection(ProjectDependencies) = postProject
		{2B685A85-614F-3B8A-90A6-198C6F9EDA76} = {2B685A85-614F-3B8A-90A6-198C6F9EDA76}
		{0BE91614-BF74-3981-A88F-A5E86C56CF77} = {0BE91614-BF74-3981-A88F-A5E86C56CF77}
		{957422B6-DF8C-377D-9151-05510391000A} = {957422B6-DF8C-377D-9151-05510391000A}
	EndProjectSection
EndProject
Project("{8BC9CEB8-8B4A-11D0-8D11-00A0C91BC942}") = "spirv-cross-msl", "spirv-cross-msl.vcxproj", "{DD6A3E02-3BBA-32F6-9AD6-FA68FCD9CFF8}"
	ProjectSection(ProjectDependencies) = postProject
		{2B685A85-614F-3B8A-90A6-198C6F9EDA76} = {2B685A85-614F-3B8A-90A6-198C6F9EDA76}
		{0BE91614-BF74-3981-A88F-A5E86C56CF77} = {0BE91614-BF74-3981-A88F-A5E86C56CF77}
		{957422B6-DF8C-377D-9151-05510391000A} = {957422B6-DF8C-377D-9151-05510391000A}
	EndProjectSection
EndProject
Project("{8BC9CEB8-8B4A-11D0-8D11-00A0C91BC942}") = "spirv-cross-reflect", "spirv-cross-reflect.vcxproj", "{619AC11D-7FB4-32CC-A89A-B1ACBBBF1395}"
	ProjectSection(ProjectDependencies) = postProject
		{2B685A85-614F-3B8A-90A6-198C6F9EDA76} = {2B685A85-614F-3B8A-90A6-198C6F9EDA76}
	EndProjectSection
EndProject
Project("{8BC9CEB8-8B4A-11D0-8D11-00A0C91BC942}") = "spirv-cross-util", "spirv-cross-util.vcxproj", "{B62C3409-7B62-3AB5-8075-422F856E9D92}"
	ProjectSection(ProjectDependencies) = postProject
		{2B685A85-614F-3B8A-90A6-198C6F9EDA76} = {2B685A85-614F-3B8A-90A6-198C6F9EDA76}
		{0BE91614-BF74-3981-A88F-A5E86C56CF77} = {0BE91614-BF74-3981-A88F-A5E86C56CF77}
	EndProjectSection
EndProject
Project("{8BC9CEB8-8B4A-11D0-8D11-00A0C91BC942}") = "SpirvCrossDll", "SpirvCrossDll\SpirvCrossDll.vcxproj", "{77E4EB29-E034-47C6-983D-B75FC9849032}"
EndProject
Project("{8BC9CEB8-8B4A-11D0-8D11-00A0C91BC942}") = "TestRunSpirvCross", "TestRunSpirvCross\TestRunSpirvCross.vcxproj", "{DB404BFE-392A-4826-9E9A-FFC3C2B80DE0}"
EndProject
Global
	GlobalSection(SolutionConfigurationPlatforms) = preSolution
		Debug|x64 = Debug|x64
		Debug|x86 = Debug|x86
		MinSizeRel|x64 = MinSizeRel|x64
		MinSizeRel|x86 = MinSizeRel|x86
		Release|x64 = Release|x64
		Release|x86 = Release|x86
		RelWithDebInfo|x64 = RelWithDebInfo|x64
		RelWithDebInfo|x86 = RelWithDebInfo|x86
	EndGlobalSection
	GlobalSection(ProjectConfigurationPlatforms) = postSolution
		{5FAFF73B-E3BE-30E0-BCC3-D5B1C9E0A36D}.Debug|x64.ActiveCfg = Debug|x64
		{5FAFF73B-E3BE-30E0-BCC3-D5B1C9E0A36D}.Debug|x64.Build.0 = Debug|x64
		{5FAFF73B-E3BE-30E0-BCC3-D5B1C9E0A36D}.Debug|x86.ActiveCfg = Debug|x64
		{5FAFF73B-E3BE-30E0-BCC3-D5B1C9E0A36D}.MinSizeRel|x64.ActiveCfg = MinSizeRel|x64
		{5FAFF73B-E3BE-30E0-BCC3-D5B1C9E0A36D}.MinSizeRel|x64.Build.0 = MinSizeRel|x64
		{5FAFF73B-E3BE-30E0-BCC3-D5B1C9E0A36D}.MinSizeRel|x86.ActiveCfg = MinSizeRel|x64
		{5FAFF73B-E3BE-30E0-BCC3-D5B1C9E0A36D}.Release|x64.ActiveCfg = Release|x64
		{5FAFF73B-E3BE-30E0-BCC3-D5B1C9E0A36D}.Release|x64.Build.0 = Release|x64
		{5FAFF73B-E3BE-30E0-BCC3-D5B1C9E0A36D}.Release|x86.ActiveCfg = Release|x64
		{5FAFF73B-E3BE-30E0-BCC3-D5B1C9E0A36D}.RelWithDebInfo|x64.ActiveCfg = RelWithDebInfo|x64
		{5FAFF73B-E3BE-30E0-BCC3-D5B1C9E0A36D}.RelWithDebInfo|x64.Build.0 = RelWithDebInfo|x64
		{5FAFF73B-E3BE-30E0-BCC3-D5B1C9E0A36D}.RelWithDebInfo|x86.ActiveCfg = RelWithDebInfo|x64
		{1BD99D66-CCAF-3861-8EB4-B34E49330B51}.Debug|x64.ActiveCfg = Debug|x64
		{1BD99D66-CCAF-3861-8EB4-B34E49330B51}.Debug|x86.ActiveCfg = Debug|x64
		{1BD99D66-CCAF-3861-8EB4-B34E49330B51}.MinSizeRel|x64.ActiveCfg = MinSizeRel|x64
		{1BD99D66-CCAF-3861-8EB4-B34E49330B51}.MinSizeRel|x86.ActiveCfg = MinSizeRel|x64
		{1BD99D66-CCAF-3861-8EB4-B34E49330B51}.Release|x64.ActiveCfg = Release|x64
		{1BD99D66-CCAF-3861-8EB4-B34E49330B51}.Release|x86.ActiveCfg = Release|x64
		{1BD99D66-CCAF-3861-8EB4-B34E49330B51}.RelWithDebInfo|x64.ActiveCfg = RelWithDebInfo|x64
		{1BD99D66-CCAF-3861-8EB4-B34E49330B51}.RelWithDebInfo|x86.ActiveCfg = RelWithDebInfo|x64
		{6058B1EE-68D5-382A-A431-3A438D10859E}.Debug|x64.ActiveCfg = Debug|x64
		{6058B1EE-68D5-382A-A431-3A438D10859E}.Debug|x86.ActiveCfg = Debug|x64
		{6058B1EE-68D5-382A-A431-3A438D10859E}.MinSizeRel|x64.ActiveCfg = MinSizeRel|x64
		{6058B1EE-68D5-382A-A431-3A438D10859E}.MinSizeRel|x86.ActiveCfg = MinSizeRel|x64
		{6058B1EE-68D5-382A-A431-3A438D10859E}.Release|x64.ActiveCfg = Release|x64
		{6058B1EE-68D5-382A-A431-3A438D10859E}.Release|x86.ActiveCfg = Release|x64
		{6058B1EE-68D5-382A-A431-3A438D10859E}.RelWithDebInfo|x64.ActiveCfg = RelWithDebInfo|x64
		{6058B1EE-68D5-382A-A431-3A438D10859E}.RelWithDebInfo|x86.ActiveCfg = RelWithDebInfo|x64
		{2B685A85-614F-3B8A-90A6-198C6F9EDA76}.Debug|x64.ActiveCfg = Debug|x64
		{2B685A85-614F-3B8A-90A6-198C6F9EDA76}.Debug|x64.Build.0 = Debug|x64
		{2B685A85-614F-3B8A-90A6-198C6F9EDA76}.Debug|x86.ActiveCfg = Debug|x64
		{2B685A85-614F-3B8A-90A6-198C6F9EDA76}.MinSizeRel|x64.ActiveCfg = MinSizeRel|x64
		{2B685A85-614F-3B8A-90A6-198C6F9EDA76}.MinSizeRel|x64.Build.0 = MinSizeRel|x64
		{2B685A85-614F-3B8A-90A6-198C6F9EDA76}.MinSizeRel|x86.ActiveCfg = MinSizeRel|x64
		{2B685A85-614F-3B8A-90A6-198C6F9EDA76}.Release|x64.ActiveCfg = Release|x64
		{2B685A85-614F-3B8A-90A6-198C6F9EDA76}.Release|x64.Build.0 = Release|x64
		{2B685A85-614F-3B8A-90A6-198C6F9EDA76}.Release|x86.ActiveCfg = Release|x64
		{2B685A85-614F-3B8A-90A6-198C6F9EDA76}.RelWithDebInfo|x64.ActiveCfg = RelWithDebInfo|x64
		{2B685A85-614F-3B8A-90A6-198C6F9EDA76}.RelWithDebInfo|x64.Build.0 = RelWithDebInfo|x64
		{2B685A85-614F-3B8A-90A6-198C6F9EDA76}.RelWithDebInfo|x86.ActiveCfg = RelWithDebInfo|x64
		{A50F2AB9-BFF4-3D91-BBFC-17221A96887E}.Debug|x64.ActiveCfg = Debug|x64
		{A50F2AB9-BFF4-3D91-BBFC-17221A96887E}.Debug|x64.Build.0 = Debug|x64
		{A50F2AB9-BFF4-3D91-BBFC-17221A96887E}.Debug|x86.ActiveCfg = Debug|x64
		{A50F2AB9-BFF4-3D91-BBFC-17221A96887E}.MinSizeRel|x64.ActiveCfg = MinSizeRel|x64
		{A50F2AB9-BFF4-3D91-BBFC-17221A96887E}.MinSizeRel|x64.Build.0 = MinSizeRel|x64
		{A50F2AB9-BFF4-3D91-BBFC-17221A96887E}.MinSizeRel|x86.ActiveCfg = MinSizeRel|x64
		{A50F2AB9-BFF4-3D91-BBFC-17221A96887E}.Release|x64.ActiveCfg = Release|x64
		{A50F2AB9-BFF4-3D91-BBFC-17221A96887E}.Release|x64.Build.0 = Release|x64
		{A50F2AB9-BFF4-3D91-BBFC-17221A96887E}.Release|x86.ActiveCfg = Release|x64
		{A50F2AB9-BFF4-3D91-BBFC-17221A96887E}.RelWithDebInfo|x64.ActiveCfg = RelWithDebInfo|x64
		{A50F2AB9-BFF4-3D91-BBFC-17221A96887E}.RelWithDebInfo|x64.Build.0 = RelWithDebInfo|x64
		{A50F2AB9-BFF4-3D91-BBFC-17221A96887E}.RelWithDebInfo|x86.ActiveCfg = RelWithDebInfo|x64
		{834A0E3D-7DBC-3C43-A56A-6FDD3A2B43C5}.Debug|x64.ActiveCfg = Debug|x64
		{834A0E3D-7DBC-3C43-A56A-6FDD3A2B43C5}.Debug|x64.Build.0 = Debug|x64
		{834A0E3D-7DBC-3C43-A56A-6FDD3A2B43C5}.Debug|x86.ActiveCfg = Debug|x64
		{834A0E3D-7DBC-3C43-A56A-6FDD3A2B43C5}.MinSizeRel|x64.ActiveCfg = MinSizeRel|x64
		{834A0E3D-7DBC-3C43-A56A-6FDD3A2B43C5}.MinSizeRel|x64.Build.0 = MinSizeRel|x64
		{834A0E3D-7DBC-3C43-A56A-6FDD3A2B43C5}.MinSizeRel|x86.ActiveCfg = MinSizeRel|x64
		{834A0E3D-7DBC-3C43-A56A-6FDD3A2B43C5}.Release|x64.ActiveCfg = Release|x64
		{834A0E3D-7DBC-3C43-A56A-6FDD3A2B43C5}.Release|x64.Build.0 = Release|x64
		{834A0E3D-7DBC-3C43-A56A-6FDD3A2B43C5}.Release|x86.ActiveCfg = Release|x64
		{834A0E3D-7DBC-3C43-A56A-6FDD3A2B43C5}.RelWithDebInfo|x64.ActiveCfg = RelWithDebInfo|x64
		{834A0E3D-7DBC-3C43-A56A-6FDD3A2B43C5}.RelWithDebInfo|x64.Build.0 = RelWithDebInfo|x64
		{834A0E3D-7DBC-3C43-A56A-6FDD3A2B43C5}.RelWithDebInfo|x86.ActiveCfg = RelWithDebInfo|x64
		{0BE91614-BF74-3981-A88F-A5E86C56CF77}.Debug|x64.ActiveCfg = Debug|x64
		{0BE91614-BF74-3981-A88F-A5E86C56CF77}.Debug|x64.Build.0 = Debug|x64
		{0BE91614-BF74-3981-A88F-A5E86C56CF77}.Debug|x86.ActiveCfg = Debug|x64
		{0BE91614-BF74-3981-A88F-A5E86C56CF77}.MinSizeRel|x64.ActiveCfg = MinSizeRel|x64
		{0BE91614-BF74-3981-A88F-A5E86C56CF77}.MinSizeRel|x64.Build.0 = MinSizeRel|x64
		{0BE91614-BF74-3981-A88F-A5E86C56CF77}.MinSizeRel|x86.ActiveCfg = MinSizeRel|x64
		{0BE91614-BF74-3981-A88F-A5E86C56CF77}.Release|x64.ActiveCfg = Release|x64
		{0BE91614-BF74-3981-A88F-A5E86C56CF77}.Release|x64.Build.0 = Release|x64
		{0BE91614-BF74-3981-A88F-A5E86C56CF77}.Release|x86.ActiveCfg = Release|x64
		{0BE91614-BF74-3981-A88F-A5E86C56CF77}.RelWithDebInfo|x64.ActiveCfg = RelWithDebInfo|x64
		{0BE91614-BF74-3981-A88F-A5E86C56CF77}.RelWithDebInfo|x64.Build.0 = RelWithDebInfo|x64
		{0BE91614-BF74-3981-A88F-A5E86C56CF77}.RelWithDebInfo|x86.ActiveCfg = RelWithDebInfo|x64
		{1419E44A-9FB1-3A1F-B2DC-258ED6957502}.Debug|x64.ActiveCfg = Debug|x64
		{1419E44A-9FB1-3A1F-B2DC-258ED6957502}.Debug|x64.Build.0 = Debug|x64
		{1419E44A-9FB1-3A1F-B2DC-258ED6957502}.Debug|x86.ActiveCfg = Debug|x64
		{1419E44A-9FB1-3A1F-B2DC-258ED6957502}.MinSizeRel|x64.ActiveCfg = MinSizeRel|x64
		{1419E44A-9FB1-3A1F-B2DC-258ED6957502}.MinSizeRel|x64.Build.0 = MinSizeRel|x64
		{1419E44A-9FB1-3A1F-B2DC-258ED6957502}.MinSizeRel|x86.ActiveCfg = MinSizeRel|x64
		{1419E44A-9FB1-3A1F-B2DC-258ED6957502}.Release|x64.ActiveCfg = Release|x64
		{1419E44A-9FB1-3A1F-B2DC-258ED6957502}.Release|x64.Build.0 = Release|x64
		{1419E44A-9FB1-3A1F-B2DC-258ED6957502}.Release|x86.ActiveCfg = Release|x64
		{1419E44A-9FB1-3A1F-B2DC-258ED6957502}.RelWithDebInfo|x64.ActiveCfg = RelWithDebInfo|x64
		{1419E44A-9FB1-3A1F-B2DC-258ED6957502}.RelWithDebInfo|x64.Build.0 = RelWithDebInfo|x64
		{1419E44A-9FB1-3A1F-B2DC-258ED6957502}.RelWithDebInfo|x86.ActiveCfg = RelWithDebInfo|x64
		{957422B6-DF8C-377D-9151-05510391000A}.Debug|x64.ActiveCfg = Debug|x64
		{957422B6-DF8C-377D-9151-05510391000A}.Debug|x64.Build.0 = Debug|x64
		{957422B6-DF8C-377D-9151-05510391000A}.Debug|x86.ActiveCfg = Debug|x64
		{957422B6-DF8C-377D-9151-05510391000A}.MinSizeRel|x64.ActiveCfg = MinSizeRel|x64
		{957422B6-DF8C-377D-9151-05510391000A}.MinSizeRel|x64.Build.0 = MinSizeRel|x64
		{957422B6-DF8C-377D-9151-05510391000A}.MinSizeRel|x86.ActiveCfg = MinSizeRel|x64
		{957422B6-DF8C-377D-9151-05510391000A}.Release|x64.ActiveCfg = Release|x64
		{957422B6-DF8C-377D-9151-05510391000A}.Release|x64.Build.0 = Release|x64
		{957422B6-DF8C-377D-9151-05510391000A}.Release|x86.ActiveCfg = Release|x64
		{957422B6-DF8C-377D-9151-05510391000A}.RelWithDebInfo|x64.ActiveCfg = RelWithDebInfo|x64
		{957422B6-DF8C-377D-9151-05510391000A}.RelWithDebInfo|x64.Build.0 = RelWithDebInfo|x64
		{957422B6-DF8C-377D-9151-05510391000A}.RelWithDebInfo|x86.ActiveCfg = RelWithDebInfo|x64
		{6BB75D5D-4C39-3C30-A9FF-7DB2CDD5D606}.Debug|x64.ActiveCfg = Debug|x64
		{6BB75D5D-4C39-3C30-A9FF-7DB2CDD5D606}.Debug|x64.Build.0 = Debug|x64
		{6BB75D5D-4C39-3C30-A9FF-7DB2CDD5D606}.Debug|x86.ActiveCfg = Debug|x64
		{6BB75D5D-4C39-3C30-A9FF-7DB2CDD5D606}.MinSizeRel|x64.ActiveCfg = MinSizeRel|x64
		{6BB75D5D-4C39-3C30-A9FF-7DB2CDD5D606}.MinSizeRel|x64.Build.0 = MinSizeRel|x64
		{6BB75D5D-4C39-3C30-A9FF-7DB2CDD5D606}.MinSizeRel|x86.ActiveCfg = MinSizeRel|x64
		{6BB75D5D-4C39-3C30-A9FF-7DB2CDD5D606}.Release|x64.ActiveCfg = Release|x64
		{6BB75D5D-4C39-3C30-A9FF-7DB2CDD5D606}.Release|x64.Build.0 = Release|x64
		{6BB75D5D-4C39-3C30-A9FF-7DB2CDD5D606}.Release|x86.ActiveCfg = Release|x64
		{6BB75D5D-4C39-3C30-A9FF-7DB2CDD5D606}.RelWithDebInfo|x64.ActiveCfg = RelWithDebInfo|x64
		{6BB75D5D-4C39-3C30-A9FF-7DB2CDD5D606}.RelWithDebInfo|x64.Build.0 = RelWithDebInfo|x64
		{6BB75D5D-4C39-3C30-A9FF-7DB2CDD5D606}.RelWithDebInfo|x86.ActiveCfg = RelWithDebInfo|x64
		{DD6A3E02-3BBA-32F6-9AD6-FA68FCD9CFF8}.Debug|x64.ActiveCfg = Debug|x64
		{DD6A3E02-3BBA-32F6-9AD6-FA68FCD9CFF8}.Debug|x64.Build.0 = Debug|x64
		{DD6A3E02-3BBA-32F6-9AD6-FA68FCD9CFF8}.Debug|x86.ActiveCfg = Debug|x64
		{DD6A3E02-3BBA-32F6-9AD6-FA68FCD9CFF8}.MinSizeRel|x64.ActiveCfg = MinSizeRel|x64
		{DD6A3E02-3BBA-32F6-9AD6-FA68FCD9CFF8}.MinSizeRel|x64.Build.0 = MinSizeRel|x64
		{DD6A3E02-3BBA-32F6-9AD6-FA68FCD9CFF8}.MinSizeRel|x86.ActiveCfg = MinSizeRel|x64
		{DD6A3E02-3BBA-32F6-9AD6-FA68FCD9CFF8}.Release|x64.ActiveCfg = Release|x64
		{DD6A3E02-3BBA-32F6-9AD6-FA68FCD9CFF8}.Release|x64.Build.0 = Release|x64
		{DD6A3E02-3BBA-32F6-9AD6-FA68FCD9CFF8}.Release|x86.ActiveCfg = Release|x64
		{DD6A3E02-3BBA-32F6-9AD6-FA68FCD9CFF8}.RelWithDebInfo|x64.ActiveCfg = RelWithDebInfo|x64
		{DD6A3E02-3BBA-32F6-9AD6-FA68FCD9CFF8}.RelWithDebInfo|x64.Build.0 = RelWithDebInfo|x64
		{DD6A3E02-3BBA-32F6-9AD6-FA68FCD9CFF8}.RelWithDebInfo|x86.ActiveCfg = RelWithDebInfo|x64
		{619AC11D-7FB4-32CC-A89A-B1ACBBBF1395}.Debug|x64.ActiveCfg = Debug|x64
		{619AC11D-7FB4-32CC-A89A-B1ACBBBF1395}.Debug|x64.Build.0 = Debug|x64
		{619AC11D-7FB4-32CC-A89A-B1ACBBBF1395}.Debug|x86.ActiveCfg = Debug|x64
		{619AC11D-7FB4-32CC-A89A-B1ACBBBF1395}.MinSizeRel|x64.ActiveCfg = MinSizeRel|x64
		{619AC11D-7FB4-32CC-A89A-B1ACBBBF1395}.MinSizeRel|x64.Build.0 = MinSizeRel|x64
		{619AC11D-7FB4-32CC-A89A-B1ACBBBF1395}.MinSizeRel|x86.ActiveCfg = MinSizeRel|x64
		{619AC11D-7FB4-32CC-A89A-B1ACBBBF1395}.Release|x64.ActiveCfg = Release|x64
		{619AC11D-7FB4-32CC-A89A-B1ACBBBF1395}.Release|x64.Build.0 = Release|x64
		{619AC11D-7FB4-32CC-A89A-B1ACBBBF1395}.Release|x86.ActiveCfg = Release|x64
		{619AC11D-7FB4-32CC-A89A-B1ACBBBF1395}.RelWithDebInfo|x64.ActiveCfg = RelWithDebInfo|x64
		{619AC11D-7FB4-32CC-A89A-B1ACBBBF1395}.RelWithDebInfo|x64.Build.0 = RelWithDebInfo|x64
		{619AC11D-7FB4-32CC-A89A-B1ACBBBF1395}.RelWithDebInfo|x86.ActiveCfg = RelWithDebInfo|x64
		{B62C3409-7B62-3AB5-8075-422F856E9D92}.Debug|x64.ActiveCfg = Debug|x64
		{B62C3409-7B62-3AB5-8075-422F856E9D92}.Debug|x64.Build.0 = Debug|x64
		{B62C3409-7B62-3AB5-8075-422F856E9D92}.Debug|x86.ActiveCfg = Debug|x64
		{B62C3409-7B62-3AB5-8075-422F856E9D92}.MinSizeRel|x64.ActiveCfg = MinSizeRel|x64
		{B62C3409-7B62-3AB5-8075-422F856E9D92}.MinSizeRel|x64.Build.0 = MinSizeRel|x64
		{B62C3409-7B62-3AB5-8075-422F856E9D92}.MinSizeRel|x86.ActiveCfg = MinSizeRel|x64
		{B62C3409-7B62-3AB5-8075-422F856E9D92}.Release|x64.ActiveCfg = Release|x64
		{B62C3409-7B62-3AB5-8075-422F856E9D92}.Release|x64.Build.0 = Release|x64
		{B62C3409-7B62-3AB5-8075-422F856E9D92}.Release|x86.ActiveCfg = Release|x64
		{B62C3409-7B62-3AB5-8075-422F856E9D92}.RelWithDebInfo|x64.ActiveCfg = RelWithDebInfo|x64
		{B62C3409-7B62-3AB5-8075-422F856E9D92}.RelWithDebInfo|x64.Build.0 = RelWithDebInfo|x64
		{B62C3409-7B62-3AB5-8075-422F856E9D92}.RelWithDebInfo|x86.ActiveCfg = RelWithDebInfo|x64
		{77E4EB29-E034-47C6-983D-B75FC9849032}.Debug|x64.ActiveCfg = Debug|x64
		{77E4EB29-E034-47C6-983D-B75FC9849032}.Debug|x64.Build.0 = Debug|x64
		{77E4EB29-E034-47C6-983D-B75FC9849032}.Debug|x86.ActiveCfg = Debug|Win32
		{77E4EB29-E034-47C6-983D-B75FC9849032}.Debug|x86.Build.0 = Debug|Win32
		{77E4EB29-E034-47C6-983D-B75FC9849032}.MinSizeRel|x64.ActiveCfg = Debug|x64
		{77E4EB29-E034-47C6-983D-B75FC9849032}.MinSizeRel|x64.Build.0 = Debug|x64
		{77E4EB29-E034-47C6-983D-B75FC9849032}.MinSizeRel|x86.ActiveCfg = Debug|Win32
		{77E4EB29-E034-47C6-983D-B75FC9849032}.MinSizeRel|x86.Build.0 = Debug|Win32
		{77E4EB29-E034-47C6-983D-B75FC9849032}.Release|x64.ActiveCfg = Release|x64
		{77E4EB29-E034-47C6-983D-B75FC9849032}.Release|x64.Build.0 = Release|x64
		{77E4EB29-E034-47C6-983D-B75FC9849032}.Release|x86.ActiveCfg = Release|Win32
		{77E4EB29-E034-47C6-983D-B75FC9849032}.Release|x86.Build.0 = Release|Win32
		{77E4EB29-E034-47C6-983D-B75FC9849032}.RelWithDebInfo|x64.ActiveCfg = Release|x64
		{77E4EB29-E034-47C6-983D-B75FC9849032}.RelWithDebInfo|x64.Build.0 = Release|x64
		{77E4EB29-E034-47C6-983D-B75FC9849032}.RelWithDebInfo|x86.ActiveCfg = Release|Win32
		{77E4EB29-E034-47C6-983D-B75FC9849032}.RelWithDebInfo|x86.Build.0 = Release|Win32
		{DB404BFE-392A-4826-9E9A-FFC3C2B80DE0}.Debug|x64.ActiveCfg = Debug|x64
		{DB404BFE-392A-4826-9E9A-FFC3C2B80DE0}.Debug|x64.Build.0 = Debug|x64
		{DB404BFE-392A-4826-9E9A-FFC3C2B80DE0}.Debug|x86.ActiveCfg = Debug|Win32
		{DB404BFE-392A-4826-9E9A-FFC3C2B80DE0}.Debug|x86.Build.0 = Debug|Win32
		{DB404BFE-392A-4826-9E9A-FFC3C2B80DE0}.MinSizeRel|x64.ActiveCfg = Release|x64
		{DB404BFE-392A-4826-9E9A-FFC3C2B80DE0}.MinSizeRel|x64.Build.0 = Release|x64
		{DB404BFE-392A-4826-9E9A-FFC3C2B80DE0}.MinSizeRel|x86.ActiveCfg = Debug|Win32
		{DB404BFE-392A-4826-9E9A-FFC3C2B80DE0}.MinSizeRel|x86.Build.0 = Debug|Win32
		{DB404BFE-392A-4826-9E9A-FFC3C2B80DE0}.Release|x64.ActiveCfg = Release|x64
		{DB404BFE-392A-4826-9E9A-FFC3C2B80DE0}.Release|x64.Build.0 = Release|x64
		{DB404BFE-392A-4826-9E9A-FFC3C2B80DE0}.Release|x86.ActiveCfg = Release|Win32
		{DB404BFE-392A-4826-9E9A-FFC3C2B80DE0}.Release|x86.Build.0 = Release|Win32
		{DB404BFE-392A-4826-9E9A-FFC3C2B80DE0}.RelWithDebInfo|x64.ActiveCfg = Release|x64
		{DB404BFE-392A-4826-9E9A-FFC3C2B80DE0}.RelWithDebInfo|x64.Build.0 = Release|x64
		{DB404BFE-392A-4826-9E9A-FFC3C2B80DE0}.RelWithDebInfo|x86.ActiveCfg = Release|Win32
		{DB404BFE-392A-4826-9E9A-FFC3C2B80DE0}.RelWithDebInfo|x86.Build.0 = Release|Win32
	EndGlobalSection
	GlobalSection(SolutionProperties) = preSolution
		HideSolutionNode = FALSE
	EndGlobalSection
	GlobalSection(ExtensibilityGlobals) = postSolution
		SolutionGuid = {62EE0FE0-53CC-3AEE-B6F7-82CED437DF3C}
	EndGlobalSection
EndGlobal
